<?xml version="1.0" encoding="utf-8"?>
<Project ToolsVersion="4.0" xmlns="http://schemas.microsoft.com/developer/msbuild/2003">
  <ItemGroup>
    <Filter Include="Source Files">
      <UniqueIdentifier>{4FC737F1-C7A5-4376-A066-2A32D752A2FF}</UniqueIdentifier>
      <Extensions>cpp;c;cc;cxx;def;odl;idl;hpj;bat;asm;asmx</Extensions>
    </Filter>
    <Filter Include="Header Files">
      <UniqueIdentifier>{93995380-89BD-4b04-88EB-625FBE52EBFB}</UniqueIdentifier>
      <Extensions>h;hh;hpp;hxx;hm;inl;inc;xsd</Extensions>
    </Filter>
    <Filter Include="Resource Files">
      <UniqueIdentifier>{67DA6AB6-F800-4c08-8B7A-83BB121AAD01}</UniqueIdentifier>
      <Extensions>qrc;rc;ico;cur;bmp;dlg;rc2;rct;bin;rgs;gif;jpg;jpeg;jpe;resx;tiff;tif;png;wav;mfcribbon-ms</Extensions>
    </Filter>
    <Filter Include="Form Files">
      <UniqueIdentifier>{99349809-55BA-4b9d-BF79-8FDBB0286EB3}</UniqueIdentifier>
      <Extensions>ui</Extensions>
    </Filter>
    <Filter Include="Translation Files">
      <UniqueIdentifier>{639EADAA-A684-42e4-A9AD-28FC9BCB8F7C}</UniqueIdentifier>
      <Extensions>ts</Extensions>
    </Filter>
    <Filter Include="Display">
      <UniqueIdentifier>{92340fe7-a100-4f17-a801-62579d976026}</UniqueIdentifier>
    </Filter>
    <Filter Include="ui">
      <UniqueIdentifier>{5a2ec2f6-c89b-41b0-adef-a3e925add75c}</UniqueIdentifier>
    </Filter>
    <Filter Include="Figure">
      <UniqueIdentifier>{19578334-fda5-4e67-a27c-f4b036c52403}</UniqueIdentifier>
    </Filter>
  </ItemGroup>
  <ItemGroup>
    <QtRcc Include="QtWidgetForMarkingImage.qrc">
      <Filter>Resource Files</Filter>
    </QtRcc>
    <QtMoc Include="QtWidgetForMarkingImage.h">
      <Filter>Header Files</Filter>
    </QtMoc>
    <ClCompile Include="QtWidgetForMarkingImage.cpp">
      <Filter>Source Files</Filter>
    </ClCompile>
  </ItemGroup>
  <ItemGroup>
    <ClCompile Include="main.cpp">
      <Filter>Source Files</Filter>
    </ClCompile>
    <ClCompile Include="QtProcessedArea.cpp">
      <Filter>Source Files</Filter>
    </ClCompile>
    <ClCompile Include="QtRotateRect.cpp">
      <Filter>Source Files</Filter>
    </ClCompile>
    <ClCompile Include="QtWidgetsImageName.cpp">
      <Filter>Source Files</Filter>
    </ClCompile>
    <ClCompile Include="ProcessedObject.cpp">
      <Filter>Source Files</Filter>
    </ClCompile>
    <ClCompile Include="Display\myLabel.cpp">
      <Filter>Display</Filter>
    </ClCompile>
    <ClCompile Include="Display\QtGuiDisplay.cpp">
      <Filter>Display</Filter>
    </ClCompile>
    <ClCompile Include="Frame.cpp">
      <Filter>Source Files</Filter>
    </ClCompile>
    <ClCompile Include="Figure\FigureRectangle.cpp">
      <Filter>Figure</Filter>
    </ClCompile>
    <ClCompile Include="Figure\IFigure.cpp">
      <Filter>Figure</Filter>
    </ClCompile>
  </ItemGroup>
  <ItemGroup>
    <QtMoc Include="QtProcessedArea.h">
      <Filter>Header Files</Filter>
    </QtMoc>
    <QtMoc Include="QtWidgetsImageName.h">
      <Filter>Header Files</Filter>
    </QtMoc>
    <QtMoc Include="Display\myLabel.h">
      <Filter>Display</Filter>
    </QtMoc>
    <QtMoc Include="Display\QtGuiDisplay.h">
      <Filter>Display</Filter>
    </QtMoc>
  </ItemGroup>
  <ItemGroup>
    <ClInclude Include="QtRotateRect.h">
      <Filter>Header Files</Filter>
    </ClInclude>
    <ClInclude Include="ProcessedObject.h">
      <Filter>Header Files</Filter>
    </ClInclude>
    <ClInclude Include="Frame.h">
      <Filter>Header Files</Filter>
    </ClInclude>
    <ClInclude Include="Figure\FigureRectangle.h">
      <Filter>Figure</Filter>
    </ClInclude>
    <ClInclude Include="Figure\IFigure.h">
      <Filter>Figure</Filter>
    </ClInclude>
  </ItemGroup>
  <ItemGroup>
    <QtUic Include="ui\QtGuiDisplay.ui">
      <Filter>ui</Filter>
    </QtUic>
    <QtUic Include="ui\QtWidgetForMarkingImage.ui">
      <Filter>ui</Filter>
    </QtUic>
    <QtUic Include="ui\QtWidgetsImageName.ui">
      <Filter>ui</Filter>
    </QtUic>
  </ItemGroup>
</Project>